
Microsoft Visual Studio Solution File, Format Version 11.00
# Visual Studio 2010
Project("{FAE04EC0-301F-11D3-BF4B-00C04F79EFBC}") = "KinectPresenter", "KinectPresenter\KinectPresenter.csproj", "{B598224F-A499-4A1E-9347-323F2C0ACF25}"
EndProject
Global
	GlobalSection(SolutionConfigurationPlatforms) = preSolution
		Debug|Any CPU = Debug|Any CPU
		Release|Any CPU = Release|Any CPU
	EndGlobalSection
	GlobalSection(ProjectConfigurationPlatforms) = postSolution
		{B598224F-A499-4A1E-9347-323F2C0ACF25}.Debug|Any CPU.ActiveCfg = Debug|Any CPU
		{B598224F-A499-4A1E-9347-323F2C0ACF25}.Debug|Any CPU.Build.0 = Debug|Any CPU
		{B598224F-A499-4A1E-9347-323F2C0ACF25}.Release|Any CPU.ActiveCfg = Release|Any CPU
		{B598224F-A499-4A1E-9347-323F2C0ACF25}.Release|Any CPU.Build.0 = Release|Any CPU
	EndGlobalSection
	GlobalSection(SolutionProperties) = preSolution
		HideSolutionNode = FALSE
	EndGlobalSection
EndGlobal
